
Microsoft Visual Studio Solution File, Format Version 10.00
# Visual Studio 2008
Project("{8BC9CEB8-8B4A-11D0-8D11-00A0C91BC942}") = "Test02.Window", "Test02.Window\Test02.Window.vcproj", "{A01FDAA9-B7A3-4C0F-9443-06758A8BE762}"
EndProject
Global
	GlobalSection(SolutionConfigurationPlatforms) = preSolution
		Debug|Win32 = Debug|Win32
		Release|Win32 = Release|Win32
	EndGlobalSection
	GlobalSection(ProjectConfigurationPlatforms) = postSolution
		{A01FDAA9-B7A3-4C0F-9443-06758A8BE762}.Debug|Win32.ActiveCfg = Debug|Win32
		{A01FDAA9-B7A3-4C0F-9443-06758A8BE762}.Debug|Win32.Build.0 = Debug|Win32
		{A01FDAA9-B7A3-4C0F-9443-06758A8BE762}.Release|Win32.ActiveCfg = Release|Win32
		{A01FDAA9-B7A3-4C0F-9443-06758A8BE762}.Release|Win32.Build.0 = Release|Win32
	EndGlobalSection
	GlobalSection(SolutionProperties) = preSolution
		HideSolutionNode = FALSE
	EndGlobalSection
EndGlobal
